
Microsoft Visual Studio Solution File, Format Version 12.00
# Visual Studio Version 17
VisualStudioVersion = 17.4.33205.214
MinimumVisualStudioVersion = 10.0.40219.1
Project("{FAE04EC0-301F-11D3-BF4B-00C04F79EFBC}") = "MDIForm2", "MDIForm2\MDIForm2.csproj", "{A58C6A3B-FDD6-4617-B740-5ECD7730AD65}"
EndProject
Global
	GlobalSection(SolutionConfigurationPlatforms) = preSolution
		Debug|Any CPU = Debug|Any CPU
		Release|Any CPU = Release|Any CPU
	EndGlobalSection
	GlobalSection(ProjectConfigurationPlatforms) = postSolution
		{A58C6A3B-FDD6-4617-B740-5ECD7730AD65}.Debug|Any CPU.ActiveCfg = Debug|Any CPU
		{A58C6A3B-FDD6-4617-B740-5ECD7730AD65}.Debug|Any CPU.Build.0 = Debug|Any CPU
		{A58C6A3B-FDD6-4617-B740-5ECD7730AD65}.Release|Any CPU.ActiveCfg = Release|Any CPU
		{A58C6A3B-FDD6-4617-B740-5ECD7730AD65}.Release|Any CPU.Build.0 = Release|Any CPU
	EndGlobalSection
	GlobalSection(SolutionProperties) = preSolution
		HideSolutionNode = FALSE
	EndGlobalSection
	GlobalSection(ExtensibilityGlobals) = postSolution
		SolutionGuid = {16FBF629-C94D-4548-AE4D-1DD73122C637}
	EndGlobalSection
EndGlobal
